// !$*UTF8*$!
{
	archiveVersion = 1;
	classes = {
	};
	objectVersion = 46;
	objects = {

/* Begin PBXBuildFile section */
		BEAEF4D418B86A9500F9887D /* Foundation.framework in Frameworks */ = {isa = PBXBuildFile; fileRef = BEAEF4D318B86A9500F9887D /* Foundation.framework */; };
		BEAEF4D618B86A9500F9887D /* CoreGraphics.framework in Frameworks */ = {isa = PBXBuildFile; fileRef = BEAEF4D518B86A9500F9887D /* CoreGraphics.framework */; };
		BEAEF4D818B86A9500F9887D /* UIKit.framework in Frameworks */ = {isa = PBXBuildFile; fileRef = BEAEF4D718B86A9500F9887D /* UIKit.framework */; };
		BEAEF4DE18B86A9500F9887D /* InfoPlist.strings in Resources */ = {isa = PBXBuildFile; fileRef = BEAEF4DC18B86A9500F9887D /* InfoPlist.strings */; };
		BEAEF4E018B86A9500F9887D /* main.m in Sources */ = {isa = PBXBuildFile; fileRef = BEAEF4DF18B86A9500F9887D /* main.m */; };
		BEAEF4E418B86A9500F9887D /* HAAppDelegate.m in Sources */ = {isa = PBXBuildFile; fileRef = BEAEF4E318B86A9500F9887D /* HAAppDelegate.m */; };
		BEAEF4E618B86A9500F9887D /* Images.xcassets in Resources */ = {isa = PBXBuildFile; fileRef = BEAEF4E518B86A9500F9887D /* Images.xcassets */; };
		BEAEF4ED18B86A9500F9887D /* XCTest.framework in Frameworks */ = {isa = PBXBuildFile; fileRef = BEAEF4EC18B86A9500F9887D /* XCTest.framework */; };
		BEAEF4EE18B86A9500F9887D /* Foundation.framework in Frameworks */ = {isa = PBXBuildFile; fileRef = BEAEF4D318B86A9500F9887D /* Foundation.framework */; };
		BEAEF4EF18B86A9500F9887D /* UIKit.framework in Frameworks */ = {isa = PBXBuildFile; fileRef = BEAEF4D718B86A9500F9887D /* UIKit.framework */; };
		BEAEF4F718B86A9500F9887D /* InfoPlist.strings in Resources */ = {isa = PBXBuildFile; fileRef = BEAEF4F518B86A9500F9887D /* InfoPlist.strings */; };
		BEAEF4F918B86A9500F9887D /* HoistExampleTests.m in Sources */ = {isa = PBXBuildFile; fileRef = BEAEF4F818B86A9500F9887D /* HoistExampleTests.m */; };
		BEAEF51818B8718C00F9887D /* Hoist.m in Sources */ = {isa = PBXBuildFile; fileRef = BEAEF51118B8718C00F9887D /* Hoist.m */; };
		BEAEF51918B8718C00F9887D /* HoistObject.m in Sources */ = {isa = PBXBuildFile; fileRef = BEAEF51318B8718C00F9887D /* HoistObject.m */; };
		BEAEF51A18B8718C00F9887D /* .gitkeep in Resources */ = {isa = PBXBuildFile; fileRef = BEAEF51518B8718C00F9887D /* .gitkeep */; };
		BEAEF51B18B8718C00F9887D /* .gitkeep in Resources */ = {isa = PBXBuildFile; fileRef = BEAEF51718B8718C00F9887D /* .gitkeep */; };
		BEAEF51E18B871A400F9887D /* BlogPost.m in Sources */ = {isa = PBXBuildFile; fileRef = BEAEF51D18B871A400F9887D /* BlogPost.m */; };
/* End PBXBuildFile section */

/* Begin PBXContainerItemProxy section */
		BEAEF4F018B86A9500F9887D /* PBXContainerItemProxy */ = {
			isa = PBXContainerItemProxy;
			containerPortal = BEAEF4C818B86A9500F9887D /* Project object */;
			proxyType = 1;
			remoteGlobalIDString = BEAEF4CF18B86A9500F9887D;
			remoteInfo = HoistExample;
		};
/* End PBXContainerItemProxy section */

/* Begin PBXFileReference section */
		BEAEF4D018B86A9500F9887D /* HoistExample.app */ = {isa = PBXFileReference; explicitFileType = wrapper.application; includeInIndex = 0; path = HoistExample.app; sourceTree = BUILT_PRODUCTS_DIR; };
		BEAEF4D318B86A9500F9887D /* Foundation.framework */ = {isa = PBXFileReference; lastKnownFileType = wrapper.framework; name = Foundation.framework; path = System/Library/Frameworks/Foundation.framework; sourceTree = SDKROOT; };
		BEAEF4D518B86A9500F9887D /* CoreGraphics.framework */ = {isa = PBXFileReference; lastKnownFileType = wrapper.framework; name = CoreGraphics.framework; path = System/Library/Frameworks/CoreGraphics.framework; sourceTree = SDKROOT; };
		BEAEF4D718B86A9500F9887D /* UIKit.framework */ = {isa = PBXFileReference; lastKnownFileType = wrapper.framework; name = UIKit.framework; path = System/Library/Frameworks/UIKit.framework; sourceTree = SDKROOT; };
		BEAEF4DB18B86A9500F9887D /* HoistExample-Info.plist */ = {isa = PBXFileReference; lastKnownFileType = text.plist.xml; path = "HoistExample-Info.plist"; sourceTree = "<group>"; };
		BEAEF4DD18B86A9500F9887D /* en */ = {isa = PBXFileReference; lastKnownFileType = text.plist.strings; name = en; path = en.lproj/InfoPlist.strings; sourceTree = "<group>"; };
		BEAEF4DF18B86A9500F9887D /* main.m */ = {isa = PBXFileReference; lastKnownFileType = sourcecode.c.objc; path = main.m; sourceTree = "<group>"; };
		BEAEF4E118B86A9500F9887D /* HoistExample-Prefix.pch */ = {isa = PBXFileReference; lastKnownFileType = sourcecode.c.h; path = "HoistExample-Prefix.pch"; sourceTree = "<group>"; };
		BEAEF4E218B86A9500F9887D /* HAAppDelegate.h */ = {isa = PBXFileReference; lastKnownFileType = sourcecode.c.h; path = HAAppDelegate.h; sourceTree = "<group>"; };
		BEAEF4E318B86A9500F9887D /* HAAppDelegate.m */ = {isa = PBXFileReference; lastKnownFileType = sourcecode.c.objc; path = HAAppDelegate.m; sourceTree = "<group>"; };
		BEAEF4E518B86A9500F9887D /* Images.xcassets */ = {isa = PBXFileReference; lastKnownFileType = folder.assetcatalog; path = Images.xcassets; sourceTree = "<group>"; };
		BEAEF4EB18B86A9500F9887D /* HoistExampleTests.xctest */ = {isa = PBXFileReference; explicitFileType = wrapper.cfbundle; includeInIndex = 0; path = HoistExampleTests.xctest; sourceTree = BUILT_PRODUCTS_DIR; };
		BEAEF4EC18B86A9500F9887D /* XCTest.framework */ = {isa = PBXFileReference; lastKnownFileType = wrapper.framework; name = XCTest.framework; path = Library/Frameworks/XCTest.framework; sourceTree = DEVELOPER_DIR; };
		BEAEF4F418B86A9500F9887D /* HoistExampleTests-Info.plist */ = {isa = PBXFileReference; lastKnownFileType = text.plist.xml; path = "HoistExampleTests-Info.plist"; sourceTree = "<group>"; };
		BEAEF4F618B86A9500F9887D /* en */ = {isa = PBXFileReference; lastKnownFileType = text.plist.strings; name = en; path = en.lproj/InfoPlist.strings; sourceTree = "<group>"; };
		BEAEF4F818B86A9500F9887D /* HoistExampleTests.m */ = {isa = PBXFileReference; lastKnownFileType = sourcecode.c.objc; path = HoistExampleTests.m; sourceTree = "<group>"; };
		BEAEF51018B8718C00F9887D /* Hoist.h */ = {isa = PBXFileReference; fileEncoding = 4; lastKnownFileType = sourcecode.c.h; path = Hoist.h; sourceTree = "<group>"; };
		BEAEF51118B8718C00F9887D /* Hoist.m */ = {isa = PBXFileReference; fileEncoding = 4; lastKnownFileType = sourcecode.c.objc; path = Hoist.m; sourceTree = "<group>"; };
		BEAEF51218B8718C00F9887D /* HoistObject.h */ = {isa = PBXFileReference; fileEncoding = 4; lastKnownFileType = sourcecode.c.h; path = HoistObject.h; sourceTree = "<group>"; };
		BEAEF51318B8718C00F9887D /* HoistObject.m */ = {isa = PBXFileReference; fileEncoding = 4; lastKnownFileType = sourcecode.c.objc; path = HoistObject.m; sourceTree = "<group>"; };
		BEAEF51518B8718C00F9887D /* .gitkeep */ = {isa = PBXFileReference; fileEncoding = 4; lastKnownFileType = text; path = .gitkeep; sourceTree = "<group>"; };
		BEAEF51718B8718C00F9887D /* .gitkeep */ = {isa = PBXFileReference; fileEncoding = 4; lastKnownFileType = text; path = .gitkeep; sourceTree = "<group>"; };
		BEAEF51C18B871A400F9887D /* BlogPost.h */ = {isa = PBXFileReference; fileEncoding = 4; lastKnownFileType = sourcecode.c.h; path = BlogPost.h; sourceTree = "<group>"; };
		BEAEF51D18B871A400F9887D /* BlogPost.m */ = {isa = PBXFileReference; fileEncoding = 4; lastKnownFileType = sourcecode.c.objc; path = BlogPost.m; sourceTree = "<group>"; };
/* End PBXFileReference section */

/* Begin PBXFrameworksBuildPhase section */
		BEAEF4CD18B86A9500F9887D /* Frameworks */ = {
			isa = PBXFrameworksBuildPhase;
			buildActionMask = 2147483647;
			files = (
				BEAEF4D618B86A9500F9887D /* CoreGraphics.framework in Frameworks */,
				BEAEF4D818B86A9500F9887D /* UIKit.framework in Frameworks */,
				BEAEF4D418B86A9500F9887D /* Foundation.framework in Frameworks */,
			);
			runOnlyForDeploymentPostprocessing = 0;
		};
		BEAEF4E818B86A9500F9887D /* Frameworks */ = {
			isa = PBXFrameworksBuildPhase;
			buildActionMask = 2147483647;
			files = (
				BEAEF4ED18B86A9500F9887D /* XCTest.framework in Frameworks */,
				BEAEF4EF18B86A9500F9887D /* UIKit.framework in Frameworks */,
				BEAEF4EE18B86A9500F9887D /* Foundation.framework in Frameworks */,
			);
			runOnlyForDeploymentPostprocessing = 0;
		};
/* End PBXFrameworksBuildPhase section */

/* Begin PBXGroup section */
		BEAEF4C718B86A9500F9887D = {
			isa = PBXGroup;
			children = (
				BEAEF50F18B8718C00F9887D /* Classes */,
				BEAEF4D918B86A9500F9887D /* HoistExample */,
				BEAEF4F218B86A9500F9887D /* HoistExampleTests */,
				BEAEF4D218B86A9500F9887D /* Frameworks */,
				BEAEF4D118B86A9500F9887D /* Products */,
			);
			sourceTree = "<group>";
		};
		BEAEF4D118B86A9500F9887D /* Products */ = {
			isa = PBXGroup;
			children = (
				BEAEF4D018B86A9500F9887D /* HoistExample.app */,
				BEAEF4EB18B86A9500F9887D /* HoistExampleTests.xctest */,
			);
			name = Products;
			sourceTree = "<group>";
		};
		BEAEF4D218B86A9500F9887D /* Frameworks */ = {
			isa = PBXGroup;
			children = (
				BEAEF4D318B86A9500F9887D /* Foundation.framework */,
				BEAEF4D518B86A9500F9887D /* CoreGraphics.framework */,
				BEAEF4D718B86A9500F9887D /* UIKit.framework */,
				BEAEF4EC18B86A9500F9887D /* XCTest.framework */,
			);
			name = Frameworks;
			sourceTree = "<group>";
		};
		BEAEF4D918B86A9500F9887D /* HoistExample */ = {
			isa = PBXGroup;
			children = (
				BEAEF4E218B86A9500F9887D /* HAAppDelegate.h */,
				BEAEF4E318B86A9500F9887D /* HAAppDelegate.m */,
				BEAEF4E518B86A9500F9887D /* Images.xcassets */,
				BEAEF4DA18B86A9500F9887D /* Supporting Files */,
				BEAEF51C18B871A400F9887D /* BlogPost.h */,
				BEAEF51D18B871A400F9887D /* BlogPost.m */,
			);
			path = HoistExample;
			sourceTree = "<group>";
		};
		BEAEF4DA18B86A9500F9887D /* Supporting Files */ = {
			isa = PBXGroup;
			children = (
				BEAEF4DB18B86A9500F9887D /* HoistExample-Info.plist */,
				BEAEF4DC18B86A9500F9887D /* InfoPlist.strings */,
				BEAEF4DF18B86A9500F9887D /* main.m */,
				BEAEF4E118B86A9500F9887D /* HoistExample-Prefix.pch */,
			);
			name = "Supporting Files";
			sourceTree = "<group>";
		};
		BEAEF4F218B86A9500F9887D /* HoistExampleTests */ = {
			isa = PBXGroup;
			children = (
				BEAEF4F818B86A9500F9887D /* HoistExampleTests.m */,
				BEAEF4F318B86A9500F9887D /* Supporting Files */,
			);
			path = HoistExampleTests;
			sourceTree = "<group>";
		};
		BEAEF4F318B86A9500F9887D /* Supporting Files */ = {
			isa = PBXGroup;
			children = (
				BEAEF4F418B86A9500F9887D /* HoistExampleTests-Info.plist */,
				BEAEF4F518B86A9500F9887D /* InfoPlist.strings */,
			);
			name = "Supporting Files";
			sourceTree = "<group>";
		};
		BEAEF50F18B8718C00F9887D /* Classes */ = {
			isa = PBXGroup;
			children = (
				BEAEF51018B8718C00F9887D /* Hoist.h */,
				BEAEF51118B8718C00F9887D /* Hoist.m */,
				BEAEF51218B8718C00F9887D /* HoistObject.h */,
				BEAEF51318B8718C00F9887D /* HoistObject.m */,
				BEAEF51418B8718C00F9887D /* ios */,
				BEAEF51618B8718C00F9887D /* osx */,
			);
			name = Classes;
			path = ../Classes;
			sourceTree = "<group>";
		};
		BEAEF51418B8718C00F9887D /* ios */ = {
			isa = PBXGroup;
			children = (
				BEAEF51518B8718C00F9887D /* .gitkeep */,
			);
			path = ios;
			sourceTree = "<group>";
		};
		BEAEF51618B8718C00F9887D /* osx */ = {
			isa = PBXGroup;
			children = (
				BEAEF51718B8718C00F9887D /* .gitkeep */,
			);
			path = osx;
			sourceTree = "<group>";
		};
/* End PBXGroup section */

/* Begin PBXNativeTarget section */
		BEAEF4CF18B86A9500F9887D /* HoistExample */ = {
			isa = PBXNativeTarget;
			buildConfigurationList = BEAEF4FC18B86A9500F9887D /* Build configuration list for PBXNativeTarget "HoistExample" */;
			buildPhases = (
				BEAEF4CC18B86A9500F9887D /* Sources */,
				BEAEF4CD18B86A9500F9887D /* Frameworks */,
				BEAEF4CE18B86A9500F9887D /* Resources */,
			);
			buildRules = (
			);
			dependencies = (
			);
			name = HoistExample;
			productName = HoistExample;
			productReference = BEAEF4D018B86A9500F9887D /* HoistExample.app */;
			productType = "com.apple.product-type.application";
		};
		BEAEF4EA18B86A9500F9887D /* HoistExampleTests */ = {
			isa = PBXNativeTarget;
			buildConfigurationList = BEAEF4FF18B86A9500F9887D /* Build configuration list for PBXNativeTarget "HoistExampleTests" */;
			buildPhases = (
				BEAEF4E718B86A9500F9887D /* Sources */,
				BEAEF4E818B86A9500F9887D /* Frameworks */,
				BEAEF4E918B86A9500F9887D /* Resources */,
			);
			buildRules = (
			);
			dependencies = (
				BEAEF4F118B86A9500F9887D /* PBXTargetDependency */,
			);
			name = HoistExampleTests;
			productName = HoistExampleTests;
			productReference = BEAEF4EB18B86A9500F9887D /* HoistExampleTests.xctest */;
			productType = "com.apple.product-type.bundle.unit-test";
		};
/* End PBXNativeTarget section */

/* Begin PBXProject section */
		BEAEF4C818B86A9500F9887D /* Project object */ = {
			isa = PBXProject;
			attributes = {
				CLASSPREFIX = HA;
				LastUpgradeCheck = 0500;
				ORGANIZATIONNAME = "Will Townsend";
				TargetAttributes = {
					BEAEF4EA18B86A9500F9887D = {
						TestTargetID = BEAEF4CF18B86A9500F9887D;
					};
				};
			};
			buildConfigurationList = BEAEF4CB18B86A9500F9887D /* Build configuration list for PBXProject "HoistExample" */;
			compatibilityVersion = "Xcode 3.2";
			developmentRegion = English;
			hasScannedForEncodings = 0;
			knownRegions = (
				en,
			);
			mainGroup = BEAEF4C718B86A9500F9887D;
			productRefGroup = BEAEF4D118B86A9500F9887D /* Products */;
			projectDirPath = "";
			projectRoot = "";
			targets = (
				BEAEF4CF18B86A9500F9887D /* HoistExample */,
				BEAEF4EA18B86A9500F9887D /* HoistExampleTests */,
			);
		};
/* End PBXProject section */

/* Begin PBXResourcesBuildPhase section */
		BEAEF4CE18B86A9500F9887D /* Resources */ = {
			isa = PBXResourcesBuildPhase;
			buildActionMask = 2147483647;
			files = (
				BEAEF51A18B8718C00F9887D /* .gitkeep in Resources */,
				BEAEF4DE18B86A9500F9887D /* InfoPlist.strings in Resources */,
				BEAEF4E618B86A9500F9887D /* Images.xcassets in Resources */,
				BEAEF51B18B8718C00F9887D /* .gitkeep in Resources */,
			);
			runOnlyForDeploymentPostprocessing = 0;
		};
		BEAEF4E918B86A9500F9887D /* Resources */ = {
			isa = PBXResourcesBuildPhase;
			buildActionMask = 2147483647;
			files = (
				BEAEF4F718B86A9500F9887D /* InfoPlist.strings in Resources */,
			);
			runOnlyForDeploymentPostprocessing = 0;
		};
/* End PBXResourcesBuildPhase section */

/* Begin PBXSourcesBuildPhase section */
		BEAEF4CC18B86A9500F9887D /* Sources */ = {
			isa = PBXSourcesBuildPhase;
			buildActionMask = 2147483647;
			files = (
				BEAEF51818B8718C00F9887D /* Hoist.m in Sources */,
				BEAEF4E018B86A9500F9887D /* main.m in Sources */,
				BEAEF51E18B871A400F9887D /* BlogPost.m in Sources */,
				BEAEF51918B8718C00F9887D /* HoistObject.m in Sources */,
				BEAEF4E418B86A9500F9887D /* HAAppDelegate.m in Sources */,
			);
			runOnlyForDeploymentPostprocessing = 0;
		};
		BEAEF4E718B86A9500F9887D /* Sources */ = {
			isa = PBXSourcesBuildPhase;
			buildActionMask = 2147483647;
			files = (
				BEAEF4F918B86A9500F9887D /* HoistExampleTests.m in Sources */,
			);
			runOnlyForDeploymentPostprocessing = 0;
		};
/* End PBXSourcesBuildPhase section */

/* Begin PBXTargetDependency section */
		BEAEF4F118B86A9500F9887D /* PBXTargetDependency */ = {
			isa = PBXTargetDependency;
			target = BEAEF4CF18B86A9500F9887D /* HoistExample */;
			targetProxy = BEAEF4F018B86A9500F9887D /* PBXContainerItemProxy */;
		};
/* End PBXTargetDependency section */

/* Begin PBXVariantGroup section */
		BEAEF4DC18B86A9500F9887D /* InfoPlist.strings */ = {
			isa = PBXVariantGroup;
			children = (
				BEAEF4DD18B86A9500F9887D /* en */,
			);
			name = InfoPlist.strings;
			sourceTree = "<group>";
		};
		BEAEF4F518B86A9500F9887D /* InfoPlist.strings */ = {
			isa = PBXVariantGroup;
			children = (
				BEAEF4F618B86A9500F9887D /* en */,
			);
			name = InfoPlist.strings;
			sourceTree = "<group>";
		};
/* End PBXVariantGroup section */

/* Begin XCBuildConfiguration section */
		BEAEF4FA18B86A9500F9887D /* Debug */ = {
			isa = XCBuildConfiguration;
			buildSettings = {
				ALWAYS_SEARCH_USER_PATHS = NO;
				ARCHS = "$(ARCHS_STANDARD_INCLUDING_64_BIT)";
				CLANG_CXX_LANGUAGE_STANDARD = "gnu++0x";
				CLANG_CXX_LIBRARY = "libc++";
				CLANG_ENABLE_MODULES = YES;
				CLANG_ENABLE_OBJC_ARC = YES;
				CLANG_WARN_BOOL_CONVERSION = YES;
				CLANG_WARN_CONSTANT_CONVERSION = YES;
				CLANG_WARN_DIRECT_OBJC_ISA_USAGE = YES_ERROR;
				CLANG_WARN_EMPTY_BODY = YES;
				CLANG_WARN_ENUM_CONVERSION = YES;
				CLANG_WARN_INT_CONVERSION = YES;
				CLANG_WARN_OBJC_ROOT_CLASS = YES_ERROR;
				CLANG_WARN__DUPLICATE_METHOD_MATCH = YES;
				"CODE_SIGN_IDENTITY[sdk=iphoneos*]" = "iPhone Developer";
				COPY_PHASE_STRIP = NO;
				GCC_C_LANGUAGE_STANDARD = gnu99;
				GCC_DYNAMIC_NO_PIC = NO;
				GCC_OPTIMIZATION_LEVEL = 0;
				GCC_PREPROCESSOR_DEFINITIONS = (
					"DEBUG=1",
					"$(inherited)",
				);
				GCC_SYMBOLS_PRIVATE_EXTERN = NO;
				GCC_WARN_64_TO_32_BIT_CONVERSION = YES;
				GCC_WARN_ABOUT_RETURN_TYPE = YES_ERROR;
				GCC_WARN_UNDECLARED_SELECTOR = YES;
				GCC_WARN_UNINITIALIZED_AUTOS = YES;
				GCC_WARN_UNUSED_FUNCTION = YES;
				GCC_WARN_UNUSED_VARIABLE = YES;
				IPHONEOS_DEPLOYMENT_TARGET = 7.0;
				ONLY_ACTIVE_ARCH = YES;
				SDKROOT = iphoneos;
			};
			name = Debug;
		};
		BEAEF4FB18B86A9500F9887D /* Release */ = {
			isa = XCBuildConfiguration;
			buildSettings = {
				ALWAYS_SEARCH_USER_PATHS = NO;
				ARCHS = "$(ARCHS_STANDARD_INCLUDING_64_BIT)";
				CLANG_CXX_LANGUAGE_STANDARD = "gnu++0x";
				CLANG_CXX_LIBRARY = "libc++";
				CLANG_ENABLE_MODULES = YES;
				CLANG_ENABLE_OBJC_ARC = YES;
				CLANG_WARN_BOOL_CONVERSION = YES;
				CLANG_WARN_CONSTANT_CONVERSION = YES;
				CLANG_WARN_DIRECT_OBJC_ISA_USAGE = YES_ERROR;
				CLANG_WARN_EMPTY_BODY = YES;
				CLANG_WARN_ENUM_CONVERSION = YES;
				CLANG_WARN_INT_CONVERSION = YES;
				CLANG_WARN_OBJC_ROOT_CLASS = YES_ERROR;
				CLANG_WARN__DUPLICATE_METHOD_MATCH = YES;
				"CODE_SIGN_IDENTITY[sdk=iphoneos*]" = "iPhone Developer";
				COPY_PHASE_STRIP = YES;
				ENABLE_NS_ASSERTIONS = NO;
				GCC_C_LANGUAGE_STANDARD = gnu99;
				GCC_WARN_64_TO_32_BIT_CONVERSION = YES;
				GCC_WARN_ABOUT_RETURN_TYPE = YES_ERROR;
				GCC_WARN_UNDECLARED_SELECTOR = YES;
				GCC_WARN_UNINITIALIZED_AUTOS = YES;
				GCC_WARN_UNUSED_FUNCTION = YES;
				GCC_WARN_UNUSED_VARIABLE = YES;
				IPHONEOS_DEPLOYMENT_TARGET = 7.0;
				SDKROOT = iphoneos;
				VALIDATE_PRODUCT = YES;
			};
			name = Release;
		};
		BEAEF4FD18B86A9500F9887D /* Debug */ = {
			isa = XCBuildConfiguration;
			buildSettings = {
				ASSETCATALOG_COMPILER_APPICON_NAME = AppIcon;
				ASSETCATALOG_COMPILER_LAUNCHIMAGE_NAME = LaunchImage;
				GCC_PRECOMPILE_PREFIX_HEADER = YES;
				GCC_PREFIX_HEADER = "HoistExample/HoistExample-Prefix.pch";
				INFOPLIST_FILE = "HoistExample/HoistExample-Info.plist";
				PRODUCT_NAME = "$(TARGET_NAME)";
				WRAPPER_EXTENSION = app;
			};
			name = Debug;
		};
		BEAEF4FE18B86A9500F9887D /* Release */ = {
			isa = XCBuildConfiguration;
			buildSettings = {
				ASSETCATALOG_COMPILER_APPICON_NAME = AppIcon;
				ASSETCATALOG_COMPILER_LAUNCHIMAGE_NAME = LaunchImage;
				GCC_PRECOMPILE_PREFIX_HEADER = YES;
				GCC_PREFIX_HEADER = "HoistExample/HoistExample-Prefix.pch";
				INFOPLIST_FILE = "HoistExample/HoistExample-Info.plist";
				PRODUCT_NAME = "$(TARGET_NAME)";
				WRAPPER_EXTENSION = app;
			};
			name = Release;
		};
		BEAEF50018B86A9500F9887D /* Debug */ = {
			isa = XCBuildConfiguration;
			buildSettings = {
				ARCHS = "$(ARCHS_STANDARD_INCLUDING_64_BIT)";
				BUNDLE_LOADER = "$(BUILT_PRODUCTS_DIR)/HoistExample.app/HoistExample";
				FRAMEWORK_SEARCH_PATHS = (
					"$(SDKROOT)/Developer/Library/Frameworks",
					"$(inherited)",
					"$(DEVELOPER_FRAMEWORKS_DIR)",
				);
				GCC_PRECOMPILE_PREFIX_HEADER = YES;
				GCC_PREFIX_HEADER = "HoistExample/HoistExample-Prefix.pch";
				GCC_PREPROCESSOR_DEFINITIONS = (
					"DEBUG=1",
					"$(inherited)",
				);
				INFOPLIST_FILE = "HoistExampleTests/HoistExampleTests-Info.plist";
				PRODUCT_NAME = "$(TARGET_NAME)";
				TEST_HOST = "$(BUNDLE_LOADER)";
				WRAPPER_EXTENSION = xctest;
			};
			name = Debug;
		};
		BEAEF50118B86A9500F9887D /* Release */ = {
			isa = XCBuildConfiguration;
			buildSettings = {
				ARCHS = "$(ARCHS_STANDARD_INCLUDING_64_BIT)";
				BUNDLE_LOADER = "$(BUILT_PRODUCTS_DIR)/HoistExample.app/HoistExample";
				FRAMEWORK_SEARCH_PATHS = (
					"$(SDKROOT)/Developer/Library/Frameworks",
					"$(inherited)",
					"$(DEVELOPER_FRAMEWORKS_DIR)",
				);
				GCC_PRECOMPILE_PREFIX_HEADER = YES;
				GCC_PREFIX_HEADER = "HoistExample/HoistExample-Prefix.pch";
				INFOPLIST_FILE = "HoistExampleTests/HoistExampleTests-Info.plist";
				PRODUCT_NAME = "$(TARGET_NAME)";
				TEST_HOST = "$(BUNDLE_LOADER)";
				WRAPPER_EXTENSION = xctest;
			};
			name = Release;
		};
/* End XCBuildConfiguration section */

/* Begin XCConfigurationList section */
		BEAEF4CB18B86A9500F9887D /* Build configuration list for PBXProject "HoistExample" */ = {
			isa = XCConfigurationList;
			buildConfigurations = (
				BEAEF4FA18B86A9500F9887D /* Debug */,
				BEAEF4FB18B86A9500F9887D /* Release */,
			);
			defaultConfigurationIsVisible = 0;
			defaultConfigurationName = Release;
		};
		BEAEF4FC18B86A9500F9887D /* Build configuration list for PBXNativeTarget "HoistExample" */ = {
			isa = XCConfigurationList;
			buildConfigurations = (
				BEAEF4FD18B86A9500F9887D /* Debug */,
				BEAEF4FE18B86A9500F9887D /* Release */,
			);
			defaultConfigurationIsVisible = 0;
			defaultConfigurationName = Release;
		};
		BEAEF4FF18B86A9500F9887D /* Build configuration list for PBXNativeTarget "HoistExampleTests" */ = {
			isa = XCConfigurationList;
			buildConfigurations = (
				BEAEF50018B86A9500F9887D /* Debug */,
				BEAEF50118B86A9500F9887D /* Release */,
			);
			defaultConfigurationIsVisible = 0;
			defaultConfigurationName = Release;
		};
/* End XCConfigurationList section */
	};
	rootObject = BEAEF4C818B86A9500F9887D /* Project object */;
}
